
Microsoft Visual Studio Solution File, Format Version 12.00
# Visual Studio Version 17
VisualStudioVersion = 17.6.33815.320
MinimumVisualStudioVersion = 10.0.40219.1
Project("{FAE04EC0-301F-11D3-BF4B-00C04F79EFBC}") = "HttpTest", "HttpTest\HttpTest.csproj", "{8E7E5194-7463-415F-9DA8-03304B1E56AA}"
EndProject
Global
	GlobalSection(SolutionConfigurationPlatforms) = preSolution
		Debug|Any CPU = Debug|Any CPU
		Release|Any CPU = Release|Any CPU
	EndGlobalSection
	GlobalSection(ProjectConfigurationPlatforms) = postSolution
		{8E7E5194-7463-415F-9DA8-03304B1E56AA}.Debug|Any CPU.ActiveCfg = Debug|Any CPU
		{8E7E5194-7463-415F-9DA8-03304B1E56AA}.Debug|Any CPU.Build.0 = Debug|Any CPU
		{8E7E5194-7463-415F-9DA8-03304B1E56AA}.Release|Any CPU.ActiveCfg = Release|Any CPU
		{8E7E5194-7463-415F-9DA8-03304B1E56AA}.Release|Any CPU.Build.0 = Release|Any CPU
	EndGlobalSection
	GlobalSection(SolutionProperties) = preSolution
		HideSolutionNode = FALSE
	EndGlobalSection
	GlobalSection(ExtensibilityGlobals) = postSolution
		SolutionGuid = {A4FA8772-6C05-43E7-A486-B55EC8E81621}
	EndGlobalSection
EndGlobal
